
Microsoft Visual Studio Solution File, Format Version 12.00
# Visual Studio Version 16
VisualStudioVersion = 16.0.30114.105
MinimumVisualStudioVersion = 10.0.40219.1
Project("{F184B08F-C81C-45F6-A57F-5ABD9991F28F}") = "Listado", "Listado\Listado.vbproj", "{61816675-424C-45BB-AF17-EBF9870A5E5C}"
EndProject
Global
	GlobalSection(SolutionConfigurationPlatforms) = preSolution
		Debug|Any CPU = Debug|Any CPU
		Release|Any CPU = Release|Any CPU
	EndGlobalSection
	GlobalSection(ProjectConfigurationPlatforms) = postSolution
		{61816675-424C-45BB-AF17-EBF9870A5E5C}.Debug|Any CPU.ActiveCfg = Debug|Any CPU
		{61816675-424C-45BB-AF17-EBF9870A5E5C}.Debug|Any CPU.Build.0 = Debug|Any CPU
		{61816675-424C-45BB-AF17-EBF9870A5E5C}.Release|Any CPU.ActiveCfg = Release|Any CPU
		{61816675-424C-45BB-AF17-EBF9870A5E5C}.Release|Any CPU.Build.0 = Release|Any CPU
	EndGlobalSection
	GlobalSection(SolutionProperties) = preSolution
		HideSolutionNode = FALSE
	EndGlobalSection
	GlobalSection(ExtensibilityGlobals) = postSolution
		SolutionGuid = {5AF560C3-3601-4697-91F7-6E039963CCFC}
	EndGlobalSection
EndGlobal
