
Microsoft Visual Studio Solution File, Format Version 12.00
# Visual Studio Version 16
VisualStudioVersion = 16.0.30114.105
MinimumVisualStudioVersion = 10.0.40219.1
Project("{F184B08F-C81C-45F6-A57F-5ABD9991F28F}") = "VentanaEmergenteCicloFor", "VentanaEmergenteCicloFor\VentanaEmergenteCicloFor.vbproj", "{99A8FAA1-50C5-4096-9BF3-20DFE7D7C3E1}"
EndProject
Global
	GlobalSection(SolutionConfigurationPlatforms) = preSolution
		Debug|Any CPU = Debug|Any CPU
		Release|Any CPU = Release|Any CPU
	EndGlobalSection
	GlobalSection(ProjectConfigurationPlatforms) = postSolution
		{99A8FAA1-50C5-4096-9BF3-20DFE7D7C3E1}.Debug|Any CPU.ActiveCfg = Debug|Any CPU
		{99A8FAA1-50C5-4096-9BF3-20DFE7D7C3E1}.Debug|Any CPU.Build.0 = Debug|Any CPU
		{99A8FAA1-50C5-4096-9BF3-20DFE7D7C3E1}.Release|Any CPU.ActiveCfg = Release|Any CPU
		{99A8FAA1-50C5-4096-9BF3-20DFE7D7C3E1}.Release|Any CPU.Build.0 = Release|Any CPU
	EndGlobalSection
	GlobalSection(SolutionProperties) = preSolution
		HideSolutionNode = FALSE
	EndGlobalSection
	GlobalSection(ExtensibilityGlobals) = postSolution
		SolutionGuid = {D9813CB1-8F46-459F-A859-17CC1AAD10B0}
	EndGlobalSection
EndGlobal
